
Microsoft Visual Studio Solution File, Format Version 12.00
Project("{FAE04EC0-301F-11D3-BF4B-00C04F79EFBC}") = "PostboxSDK", "PostboxSDK\PostboxSDK.csproj", "{51272D55-8BA2-4072-9445-889E627E605D}"
EndProject
Project("{FAE04EC0-301F-11D3-BF4B-00C04F79EFBC}") = "PostboxSMTP", "PostboxSMTP\PostboxSMTP.csproj", "{F8FD934C-1B54-49C8-B119-14694C98725F}"
EndProject
Global
	GlobalSection(SolutionConfigurationPlatforms) = preSolution
		Debug|Any CPU = Debug|Any CPU
		Release|Any CPU = Release|Any CPU
	EndGlobalSection
	GlobalSection(ProjectConfigurationPlatforms) = postSolution
		{51272D55-8BA2-4072-9445-889E627E605D}.Debug|Any CPU.ActiveCfg = Debug|Any CPU
		{51272D55-8BA2-4072-9445-889E627E605D}.Debug|Any CPU.Build.0 = Debug|Any CPU
		{51272D55-8BA2-4072-9445-889E627E605D}.Release|Any CPU.ActiveCfg = Release|Any CPU
		{51272D55-8BA2-4072-9445-889E627E605D}.Release|Any CPU.Build.0 = Release|Any CPU
		{F8FD934C-1B54-49C8-B119-14694C98725F}.Debug|Any CPU.ActiveCfg = Debug|Any CPU
		{F8FD934C-1B54-49C8-B119-14694C98725F}.Debug|Any CPU.Build.0 = Debug|Any CPU
		{F8FD934C-1B54-49C8-B119-14694C98725F}.Release|Any CPU.ActiveCfg = Release|Any CPU
		{F8FD934C-1B54-49C8-B119-14694C98725F}.Release|Any CPU.Build.0 = Release|Any CPU
	EndGlobalSection
EndGlobal
